schema: '2.0'
stages:
  data:
    cmd: python data.py
    deps:
    - path: data.py
      md5: 24db2dd07748ac05c01122128db2bc35
      size: 2011
    params:
      params.yaml:
        inputs.clou_cover: eo:cloud_cover<=10
        inputs.date_range: 2022-04-01/2022-09-01
        inputs.long_lat:
        - 81.4959367
        - 16.3781583
        inputs.radius: 1000
    outs:
    - path: RS/inputs
      md5: 065cb8af5e23110eca798dca6be37933.dir
      size: 48060768
      nfiles: 1
